
Microsoft Visual Studio Solution File, Format Version 12.00
# Visual Studio Version 17
VisualStudioVersion = 17.0.31912.275
MinimumVisualStudioVersion = 10.0.40219.1
Project("{FAE04EC0-301F-11D3-BF4B-00C04F79EFBC}") = "Wanjuan", "Wanjuan\Wanjuan.csproj", "{2890A454-9A5A-479B-B5E4-E56A48F8D923}"
EndProject
Global
	GlobalSection(SolutionConfigurationPlatforms) = preSolution
		Debug|Any CPU = Debug|Any CPU
		Release|Any CPU = Release|Any CPU
	EndGlobalSection
	GlobalSection(ProjectConfigurationPlatforms) = postSolution
		{2890A454-9A5A-479B-B5E4-E56A48F8D923}.Debug|Any CPU.ActiveCfg = Debug|Any CPU
		{2890A454-9A5A-479B-B5E4-E56A48F8D923}.Debug|Any CPU.Build.0 = Debug|Any CPU
		{2890A454-9A5A-479B-B5E4-E56A48F8D923}.Release|Any CPU.ActiveCfg = Release|Any CPU
		{2890A454-9A5A-479B-B5E4-E56A48F8D923}.Release|Any CPU.Build.0 = Release|Any CPU
	EndGlobalSection
	GlobalSection(SolutionProperties) = preSolution
		HideSolutionNode = FALSE
	EndGlobalSection
	GlobalSection(ExtensibilityGlobals) = postSolution
		SolutionGuid = {5CE04F3A-5D09-4B7E-B7B2-ACFCD6DF4F07}
	EndGlobalSection
EndGlobal
